[[package]]
name = "ply"
version = "3.11"
description = "Python Lex & Yacc"
category = "main"
optional = false
python-versions = "*"

[[package]]
name = "pure-sasl"
version = "0.6.2"
description = "Pure Python client SASL implementation"
category = "main"
optional = false
python-versions = "*"

[package.extras]
gssapi = ["kerberos (>=1.3.0)"]

[[package]]
name = "pyasn1"
version = "0.4.8"
description = "ASN.1 types and codecs"
category = "main"
optional = false
python-versions = "*"

[[package]]
name = "python-axolotl-curve25519"
version = "0.4.1.post2"
description = "curve25519 with ed25519 signatures, used by libaxolotl"
category = "main"
optional = false
python-versions = "*"

[[package]]
name = "rsa"
version = "4.7.2"
description = "Pure-Python RSA implementation"
category = "main"
optional = false
python-versions = ">=3.5, <4"

[package.dependencies]
pyasn1 = ">=0.1.3"

[[package]]
name = "thriftpy2"
version = "0.4.14"
description = "Pure python implementation of Apache Thrift."
category = "main"
optional = false
python-versions = ">=2.7, !=3.0.*, !=3.1.*, !=3.2.*, !=3.3.*"

[package.dependencies]
ply = ">=3.4,<4.0"

[package.extras]
dev = ["cython (>=0.28.4)", "flake8 (>=2.5)", "pytest (>=2.8)", "sphinx-rtd-theme (>=0.1.9)", "sphinx (>=1.3)", "tornado (>=4.0,<6.0)"]
tornado = ["tornado (>=4.0,<6.0)"]

[[package]]
name = "tornado"
version = "6.1"
description = "Tornado is a Python web framework and asynchronous networking library, originally developed at FriendFeed."
category = "main"
optional = false
python-versions = ">= 3.5"

[[package]]
name = "toro"
version = "1.0.1"
description = "Synchronization primitives for Tornado coroutines."
category = "main"
optional = false
python-versions = "*"

[package.dependencies]
tornado = ">=3"

[[package]]
name = "xxhash"
version = "2.0.2"
description = "Python binding for xxHash"
category = "main"
optional = false
python-versions = ">=2.6, !=3.0.*, !=3.1.*, !=3.2.*"

[metadata]
lock-version = "1.1"
python-versions = "^3.8"
content-hash = "f043d549b830102099738f7870b7ee7424db713eca414c3034168256585dc13a"

[metadata.files]
ply = [
    {file = "ply-3.11-py2.py3-none-any.whl", hash = "sha256:096f9b8350b65ebd2fd1346b12452efe5b9607f7482813ffca50c22722a807ce"},
    {file = "ply-3.11.tar.gz", hash = "sha256:00c7c1aaa88358b9c765b6d3000c6eec0ba42abca5351b095321aef446081da3"},
]
pure-sasl = [
    {file = "pure-sasl-0.6.2.tar.gz", hash = "sha256:53c1355f5da95e2b85b2cc9a6af435518edc20c81193faa0eea65fdc835138f4"},
    {file = "pure_sasl-0.6.2-py2-none-any.whl", hash = "sha256:edb33b1a46eb3c602c0166de0442c0fb41f5ac2bfccbde4775183b105ad89ab2"},
]
pyasn1 = [
    {file = "pyasn1-0.4.8-py2.4.egg", hash = "sha256:fec3e9d8e36808a28efb59b489e4528c10ad0f480e57dcc32b4de5c9d8c9fdf3"},
    {file = "pyasn1-0.4.8-py2.5.egg", hash = "sha256:0458773cfe65b153891ac249bcf1b5f8f320b7c2ce462151f8fa74de8934becf"},
    {file = "pyasn1-0.4.8-py2.6.egg", hash = "sha256:5c9414dcfede6e441f7e8f81b43b34e834731003427e5b09e4e00e3172a10f00"},
    {file = "pyasn1-0.4.8-py2.7.egg", hash = "sha256:6e7545f1a61025a4e58bb336952c5061697da694db1cae97b116e9c46abcf7c8"},
    {file = "pyasn1-0.4.8-py2.py3-none-any.whl", hash = "sha256:39c7e2ec30515947ff4e87fb6f456dfc6e84857d34be479c9d4a4ba4bf46aa5d"},
    {file = "pyasn1-0.4.8-py3.1.egg", hash = "sha256:78fa6da68ed2727915c4767bb386ab32cdba863caa7dbe473eaae45f9959da86"},
    {file = "pyasn1-0.4.8-py3.2.egg", hash = "sha256:08c3c53b75eaa48d71cf8c710312316392ed40899cb34710d092e96745a358b7"},
    {file = "pyasn1-0.4.8-py3.3.egg", hash = "sha256:03840c999ba71680a131cfaee6fab142e1ed9bbd9c693e285cc6aca0d555e576"},
    {file = "pyasn1-0.4.8-py3.4.egg", hash = "sha256:7ab8a544af125fb704feadb008c99a88805126fb525280b2270bb25cc1d78a12"},
    {file = "pyasn1-0.4.8-py3.5.egg", hash = "sha256:e89bf84b5437b532b0803ba5c9a5e054d21fec423a89952a74f87fa2c9b7bce2"},
    {file = "pyasn1-0.4.8-py3.6.egg", hash = "sha256:014c0e9976956a08139dc0712ae195324a75e142284d5f87f1a87ee1b068a359"},
    {file = "pyasn1-0.4.8-py3.7.egg", hash = "sha256:99fcc3c8d804d1bc6d9a099921e39d827026409a58f2a720dcdb89374ea0c776"},
    {file = "pyasn1-0.4.8.tar.gz", hash = "sha256:aef77c9fb94a3ac588e87841208bdec464471d9871bd5050a287cc9a475cd0ba"},
]
python-axolotl-curve25519 = [
    {file = "python-axolotl-curve25519-0.4.1.post2.tar.gz", hash = "sha256:0705a66297ebd2f508a60dc94e22881c754301eb81db93963322f6b3bdcb63a3"},
]
rsa = [
    {file = "rsa-4.7.2-py3-none-any.whl", hash = "sha256:78f9a9bf4e7be0c5ded4583326e7461e3a3c5aae24073648b4bdfa797d78c9d2"},
    {file = "rsa-4.7.2.tar.gz", hash = "sha256:9d689e6ca1b3038bc82bf8d23e944b6b6037bc02301a574935b2dd946e0353b9"},
]
thriftpy2 = [
    {file = "thriftpy2-0.4.14-cp38-cp38-macosx_10_15_x86_64.whl", hash = "sha256:b4aae6f6c1d8d12e63c45f68ec1a25267e7d3af1ced1e5a82cbabaaed4bcebc9"},
    {file = "thriftpy2-0.4.14.tar.gz", hash = "sha256:1758ccaeb2a40d8779b50cdd3d7a3b43e8c5752f21ad0a54ded7c251d05219e8"},
]
tornado = [
    {file = "tornado-6.1-cp35-cp35m-macosx_10_9_x86_64.whl", hash = "sha256:d371e811d6b156d82aa5f9a4e08b58debf97c302a35714f6f45e35139c332e32"},
    {file = "tornado-6.1-cp35-cp35m-manylinux1_i686.whl", hash = "sha256:0d321a39c36e5f2c4ff12b4ed58d41390460f798422c4504e09eb5678e09998c"},
    {file = "tornado-6.1-cp35-cp35m-manylinux1_x86_64.whl", hash = "sha256:9de9e5188a782be6b1ce866e8a51bc76a0fbaa0e16613823fc38e4fc2556ad05"},
    {file = "tornado-6.1-cp35-cp35m-manylinux2010_i686.whl", hash = "sha256:61b32d06ae8a036a6607805e6720ef00a3c98207038444ba7fd3d169cd998910"},
    {file = "tornado-6.1-cp35-cp35m-manylinux2010_x86_64.whl", hash = "sha256:3e63498f680547ed24d2c71e6497f24bca791aca2fe116dbc2bd0ac7f191691b"},
    {file = "tornado-6.1-cp35-cp35m-manylinux2014_aarch64.whl", hash = "sha256:6c77c9937962577a6a76917845d06af6ab9197702a42e1346d8ae2e76b5e3675"},
    {file = "tornado-6.1-cp35-cp35m-win32.whl", hash = "sha256:6286efab1ed6e74b7028327365cf7346b1d777d63ab30e21a0f4d5b275fc17d5"},
    {file = "tornado-6.1-cp35-cp35m-win_amd64.whl", hash = "sha256:fa2ba70284fa42c2a5ecb35e322e68823288a4251f9ba9cc77be04ae15eada68"},
    {file = "tornado-6.1-cp36-cp36m-macosx_10_9_x86_64.whl", hash = "sha256:0a00ff4561e2929a2c37ce706cb8233b7907e0cdc22eab98888aca5dd3775feb"},
    {file = "tornado-6.1-cp36-cp36m-manylinux1_i686.whl", hash = "sha256:748290bf9112b581c525e6e6d3820621ff020ed95af6f17fedef416b27ed564c"},
    {file = "tornado-6.1-cp36-cp36m-manylinux1_x86_64.whl", hash = "sha256:e385b637ac3acaae8022e7e47dfa7b83d3620e432e3ecb9a3f7f58f150e50921"},
    {file = "tornado-6.1-cp36-cp36m-manylinux2010_i686.whl", hash = "sha256:25ad220258349a12ae87ede08a7b04aca51237721f63b1808d39bdb4b2164558"},
    {file = "tornado-6.1-cp36-cp36m-manylinux2010_x86_64.whl", hash = "sha256:65d98939f1a2e74b58839f8c4dab3b6b3c1ce84972ae712be02845e65391ac7c"},
    {file = "tornado-6.1-cp36-cp36m-manylinux2014_aarch64.whl", hash = "sha256:e519d64089b0876c7b467274468709dadf11e41d65f63bba207e04217f47c085"},
    {file = "tornado-6.1-cp36-cp36m-win32.whl", hash = "sha256:b87936fd2c317b6ee08a5741ea06b9d11a6074ef4cc42e031bc6403f82a32575"},
    {file = "tornado-6.1-cp36-cp36m-win_amd64.whl", hash = "sha256:cc0ee35043162abbf717b7df924597ade8e5395e7b66d18270116f8745ceb795"},
    {file = "tornado-6.1-cp37-cp37m-macosx_10_9_x86_64.whl", hash = "sha256:7250a3fa399f08ec9cb3f7b1b987955d17e044f1ade821b32e5f435130250d7f"},
    {file = "tornado-6.1-cp37-cp37m-manylinux1_i686.whl", hash = "sha256:ed3ad863b1b40cd1d4bd21e7498329ccaece75db5a5bf58cd3c9f130843e7102"},
    {file = "tornado-6.1-cp37-cp37m-manylinux1_x86_64.whl", hash = "sha256:dcef026f608f678c118779cd6591c8af6e9b4155c44e0d1bc0c87c036fb8c8c4"},
    {file = "tornado-6.1-cp37-cp37m-manylinux2010_i686.whl", hash = "sha256:70dec29e8ac485dbf57481baee40781c63e381bebea080991893cd297742b8fd"},
    {file = "tornado-6.1-cp37-cp37m-manylinux2010_x86_64.whl", hash = "sha256:d3f7594930c423fd9f5d1a76bee85a2c36fd8b4b16921cae7e965f22575e9c01"},
    {file = "tornado-6.1-cp37-cp37m-manylinux2014_aarch64.whl", hash = "sha256:3447475585bae2e77ecb832fc0300c3695516a47d46cefa0528181a34c5b9d3d"},
    {file = "tornado-6.1-cp37-cp37m-win32.whl", hash = "sha256:e7229e60ac41a1202444497ddde70a48d33909e484f96eb0da9baf8dc68541df"},
    {file = "tornado-6.1-cp37-cp37m-win_amd64.whl", hash = "sha256:cb5ec8eead331e3bb4ce8066cf06d2dfef1bfb1b2a73082dfe8a161301b76e37"},
    {file = "tornado-6.1-cp38-cp38-macosx_10_9_x86_64.whl", hash = "sha256:20241b3cb4f425e971cb0a8e4ffc9b0a861530ae3c52f2b0434e6c1b57e9fd95"},
    {file = "tornado-6.1-cp38-cp38-manylinux1_i686.whl", hash = "sha256:c77da1263aa361938476f04c4b6c8916001b90b2c2fdd92d8d535e1af48fba5a"},
    {file = "tornado-6.1-cp38-cp38-manylinux1_x86_64.whl", hash = "sha256:fba85b6cd9c39be262fcd23865652920832b61583de2a2ca907dbd8e8a8c81e5"},
    {file = "tornado-6.1-cp38-cp38-manylinux2010_i686.whl", hash = "sha256:1e8225a1070cd8eec59a996c43229fe8f95689cb16e552d130b9793cb570a288"},
    {file = "tornado-6.1-cp38-cp38-manylinux2010_x86_64.whl", hash = "sha256:d14d30e7f46a0476efb0deb5b61343b1526f73ebb5ed84f23dc794bdb88f9d9f"},
    {file = "tornado-6.1-cp38-cp38-manylinux2014_aarch64.whl", hash = "sha256:8f959b26f2634a091bb42241c3ed8d3cedb506e7c27b8dd5c7b9f745318ddbb6"},
    {file = "tornado-6.1-cp38-cp38-win32.whl", hash = "sha256:34ca2dac9e4d7afb0bed4677512e36a52f09caa6fded70b4e3e1c89dbd92c326"},
    {file = "tornado-6.1-cp38-cp38-win_amd64.whl", hash = "sha256:6196a5c39286cc37c024cd78834fb9345e464525d8991c21e908cc046d1cc02c"},
    {file = "tornado-6.1-cp39-cp39-macosx_10_9_x86_64.whl", hash = "sha256:f0ba29bafd8e7e22920567ce0d232c26d4d47c8b5cf4ed7b562b5db39fa199c5"},
    {file = "tornado-6.1-cp39-cp39-manylinux1_i686.whl", hash = "sha256:33892118b165401f291070100d6d09359ca74addda679b60390b09f8ef325ffe"},
    {file = "tornado-6.1-cp39-cp39-manylinux1_x86_64.whl", hash = "sha256:7da13da6f985aab7f6f28debab00c67ff9cbacd588e8477034c0652ac141feea"},
    {file = "tornado-6.1-cp39-cp39-manylinux2010_i686.whl", hash = "sha256:e0791ac58d91ac58f694d8d2957884df8e4e2f6687cdf367ef7eb7497f79eaa2"},
    {file = "tornado-6.1-cp39-cp39-manylinux2010_x86_64.whl", hash = "sha256:66324e4e1beede9ac79e60f88de548da58b1f8ab4b2f1354d8375774f997e6c0"},
    {file = "tornado-6.1-cp39-cp39-manylinux2014_aarch64.whl", hash = "sha256:a48900ecea1cbb71b8c71c620dee15b62f85f7c14189bdeee54966fbd9a0c5bd"},
    {file = "tornado-6.1-cp39-cp39-win32.whl", hash = "sha256:d3d20ea5782ba63ed13bc2b8c291a053c8d807a8fa927d941bd718468f7b950c"},
    {file = "tornado-6.1-cp39-cp39-win_amd64.whl", hash = "sha256:548430be2740e327b3fe0201abe471f314741efcb0067ec4f2d7dcfb4825f3e4"},
    {file = "tornado-6.1.tar.gz", hash = "sha256:33c6e81d7bd55b468d2e793517c909b139960b6c790a60b7991b9b6b76fb9791"},
]
toro = [
    {file = "toro-1.0.1.tar.gz", hash = "sha256:c5452e477e0d20ec459612a3be9eeed93e8dc5253423b604f73692ce628c6bc4"},
]
xxhash = [
    {file = "xxhash-2.0.2-cp27-cp27m-macosx_10_9_x86_64.whl", hash = "sha256:dac3b94881b943bbe418f5829128b9c48f69a66f816ef8b72ee0129d676dbd7c"},
    {file = "xxhash-2.0.2-cp27-cp27m-manylinux1_i686.whl", hash = "sha256:43fd97f332bd581639bb99fe8f09f7e9113d49cad4d21bef0620867f92c802c6"},
    {file = "xxhash-2.0.2-cp27-cp27m-manylinux1_x86_64.whl", hash = "sha256:6e5058c3fa5b42ded9a303f1a5a42d3ff732cb54c108424c63e993fc3379513c"},
    {file = "xxhash-2.0.2-cp27-cp27m-manylinux2010_i686.whl", hash = "sha256:dfacce97a3ccb46089e358ceaeca9300298511673bf87596da66882af386f6c7"},
    {file = "xxhash-2.0.2-cp27-cp27m-manylinux2010_x86_64.whl", hash = "sha256:1dfa115c8e07b3e1d94ebd60a6d6ee16ea692efb890e245addb0d33b47ee1dee"},
    {file = "xxhash-2.0.2-cp27-cp27m-win32.whl", hash = "sha256:fb28b0313c7582225373f343635674231518452331a9bdea8261d0e27b48594f"},
    {file = "xxhash-2.0.2-cp27-cp27m-win_amd64.whl", hash = "sha256:427851234a87bfe6636c90b89bd65b7ca913befff3c7bcd92a3568e635fccc92"},
    {file = "xxhash-2.0.2-cp27-cp27mu-manylinux1_i686.whl", hash = "sha256:0b92a01dc8dcada8827de140a5df83c9e8e5c190ef8bf972c98ebbe0924ee044"},
    {file = "xxhash-2.0.2-cp27-cp27mu-manylinux1_x86_64.whl", hash = "sha256:676d6964b8a9bdaf737ae6836b886ab53b2863c6aa00d43952b130a6130d1bdc"},
    {file = "xxhash-2.0.2-cp27-cp27mu-manylinux2010_i686.whl", hash = "sha256:8362693a1ce5c1373f48f047470e7797ed17dfe5babc37ba7bef50d6e6f83a72"},
    {file = "xxhash-2.0.2-cp27-cp27mu-manylinux2010_x86_64.whl", hash = "sha256:515747159fccd23fc9d1b7afeaa8bd7fc36884188b47491713d22032c5f9e502"},
    {file = "xxhash-2.0.2-cp35-cp35m-macosx_10_9_x86_64.whl", hash = "sha256:e1787b9cea43f256f8d06c8429999d386a9da9cb000c265a4dde48dd08242528"},
    {file = "xxhash-2.0.2-cp35-cp35m-manylinux1_i686.whl", hash = "sha256:d47ab1245ee4c7e6fc424ad990e4d7cfe0f206d617efe990fea34000a9242102"},
    {file = "xxhash-2.0.2-cp35-cp35m-manylinux1_x86_64.whl", hash = "sha256:81ec049f4936a49311e1fc58036d7d682b5c83d6d16ba1c852a981588c90e027"},
    {file = "xxhash-2.0.2-cp35-cp35m-manylinux2010_i686.whl", hash = "sha256:df71aeedee74eaf670d1243b6722c8c77626f3b6e6cf2cd79f2e336b151749cd"},
    {file = "xxhash-2.0.2-cp35-cp35m-manylinux2010_x86_64.whl", hash = "sha256:a922315c8e20dae0d35e54b49fd7ee348fe0a5e2fd8ec02f6a74140e063fcdb3"},
    {file = "xxhash-2.0.2-cp35-cp35m-manylinux2014_aarch64.whl", hash = "sha256:22ddd484cd92d138feeec556387894b8ec529bab7f2feb3a177eb84baadee8c1"},
    {file = "xxhash-2.0.2-cp35-cp35m-win32.whl", hash = "sha256:b4964e7ddca1ef9d7addef40a9f5eaa97aeda367c1d895e392533c0d2f9c3b8e"},
    {file = "xxhash-2.0.2-cp35-cp35m-win_amd64.whl", hash = "sha256:6077fdb44f68920c4ac8e2f34b2a107c9a218f00a698253c824a0c6c1b9622a3"},
    {file = "xxhash-2.0.2-cp36-cp36m-macosx_10_9_x86_64.whl", hash = "sha256:04ae5706ddfe0fd2b46cd0b6487d3edae7e724e27d732b055ffd0f9539c4afc5"},
    {file = "xxhash-2.0.2-cp36-cp36m-manylinux1_i686.whl", hash = "sha256:c4a892bc47b6ea92bbb82499a81882548ce990d62c1862b3834f1f70e8cf4423"},
    {file = "xxhash-2.0.2-cp36-cp36m-manylinux1_x86_64.whl", hash = "sha256:57d43ce9594676b503c0a0a383481cb4e5cf736f88970bd41849fe15a68a5d48"},
    {file = "xxhash-2.0.2-cp36-cp36m-manylinux2010_i686.whl", hash = "sha256:c2e44d162c3361392dbde736ee8ba3d1a414f63e32be6c71186f2b0654559d26"},
    {file = "xxhash-2.0.2-cp36-cp36m-manylinux2010_x86_64.whl", hash = "sha256:0beb79835ca47af257f8126fccd9d5e0ba56ba7d39dab6f6b5a7acea4d8ac4b5"},
    {file = "xxhash-2.0.2-cp36-cp36m-manylinux2014_aarch64.whl", hash = "sha256:f2bef10c417c4667310cc240d49e521e6b5fc90c4ff77a1ec78649869685e8d3"},
    {file = "xxhash-2.0.2-cp36-cp36m-win32.whl", hash = "sha256:9b6bb1bd34a6365c790c328a604ec5a628059fef6e4486380caa89bc12787a6e"},
    {file = "xxhash-2.0.2-cp36-cp36m-win_amd64.whl", hash = "sha256:4243dbeb1ce09d359289844f0c54676343857fdc6a092184aea159fecdf6d9f3"},
    {file = "xxhash-2.0.2-cp37-cp37m-macosx_10_9_x86_64.whl", hash = "sha256:71b38300e1803ab32ee787f89cdbc032b46ac5834eca9109d8fb576ae1a31741"},
    {file = "xxhash-2.0.2-cp37-cp37m-manylinux1_i686.whl", hash = "sha256:a8a68d117178f15c96cb9ae2613f53db94e0fdb34ffc69c7ab600c899c7a966c"},
    {file = "xxhash-2.0.2-cp37-cp37m-manylinux1_x86_64.whl", hash = "sha256:dd9c72520f790ce6eaa535cdad1a53ded22deab43766cfa7cef42834a9a65561"},
    {file = "xxhash-2.0.2-cp37-cp37m-manylinux2010_i686.whl", hash = "sha256:f95adf6091fa13ce19fab21fadb8d07210822320568d24a6405d6b557afc0411"},
    {file = "xxhash-2.0.2-cp37-cp37m-manylinux2010_x86_64.whl", hash = "sha256:00aaf882036d2a0fa7652cf9aeaaf2ad077b784c09ef8d60f5d97ebf0d47ffa1"},
    {file = "xxhash-2.0.2-cp37-cp37m-manylinux2014_aarch64.whl", hash = "sha256:bb8c0efad20da40da1aa56f36b929b965d1adede8a1d5b37b702d378a683e0dd"},
    {file = "xxhash-2.0.2-cp37-cp37m-win32.whl", hash = "sha256:6fc0b8c21a181b771e1f0c25eb8a0a241af0126f1fc19f4c3cde7233de91326f"},
    {file = "xxhash-2.0.2-cp37-cp37m-win_amd64.whl", hash = "sha256:b232b47a3aa825e0df14b1bd3e051dd327c8539e382728ddb81997d26de5256a"},
    {file = "xxhash-2.0.2-cp38-cp38-macosx_10_9_x86_64.whl", hash = "sha256:dc328d3d635ec851d6befdf6ced2134d587d3be973dbbbc489da24c0c88ecb01"},
    {file = "xxhash-2.0.2-cp38-cp38-manylinux1_i686.whl", hash = "sha256:9e6e5e095417060bed45119c510d5bc846b62e2a8218cb3e5a19b3ccf12e4c18"},
    {file = "xxhash-2.0.2-cp38-cp38-manylinux1_x86_64.whl", hash = "sha256:b4b7d4d19c125738c5fc48356505dfbd63b3cdf826dd868a1b80a73de48729b7"},
    {file = "xxhash-2.0.2-cp38-cp38-manylinux2010_i686.whl", hash = "sha256:686fcf2aff041df65470eccc7dcea5e7e77cfad99efcaba0c6f58bbd81846e10"},
    {file = "xxhash-2.0.2-cp38-cp38-manylinux2010_x86_64.whl", hash = "sha256:cb3a196fd1d55ce86b1123cbf3ef6603f80f4d0b46541412bb5056b0563ef384"},
    {file = "xxhash-2.0.2-cp38-cp38-manylinux2014_aarch64.whl", hash = "sha256:68d067427f2c6f7b3014e28bf4794b0876ab5f6366b53e1d6f59d275b4f19a8d"},
    {file = "xxhash-2.0.2-cp38-cp38-win32.whl", hash = "sha256:73649555656dd17e809b9b3c54855f4f72144024b0e6395cd37b5395fa0f48c3"},
    {file = "xxhash-2.0.2-cp38-cp38-win_amd64.whl", hash = "sha256:dafd1066c99d448a7a1226f10766b61ff752aaad8a4392e4cae30aafefa6fff5"},
    {file = "xxhash-2.0.2-cp39-cp39-macosx_10_9_x86_64.whl", hash = "sha256:eb1e9e347c9810a272154814cf5ce33a6c3ac7d0d7cbcb066e92dd5f9fa4db8f"},
    {file = "xxhash-2.0.2-cp39-cp39-manylinux1_i686.whl", hash = "sha256:ebff22f1783f641c6c2b313bfc44d6cc620c17409ec512e67c7c6de809155880"},
    {file = "xxhash-2.0.2-cp39-cp39-manylinux1_x86_64.whl", hash = "sha256:b7640e043ac6e0f503eadb108e6971d69b0c95c23fbcac3e5632578f9f906050"},
    {file = "xxhash-2.0.2-cp39-cp39-manylinux2010_i686.whl", hash = "sha256:db2352d375e6594620c462c029d3c1a1b18ff7168e470657e354f1b8b332d9dd"},
    {file = "xxhash-2.0.2-cp39-cp39-manylinux2010_x86_64.whl", hash = "sha256:f49dbd3b8e4cc13f2df92fb3db39204e3258105a212e23784cbb340e415ae8ed"},
    {file = "xxhash-2.0.2-cp39-cp39-manylinux2014_aarch64.whl", hash = "sha256:e70059c5cc8f0cecd16d8cb0263de8f317239cabee3fa4af35c0a1ddaed2110e"},
    {file = "xxhash-2.0.2-cp39-cp39-win32.whl", hash = "sha256:a0199a07a264be96ed658ba3b4e9ee58a3c678e51a18e134e2518cf1a8171e18"},
    {file = "xxhash-2.0.2-cp39-cp39-win_amd64.whl", hash = "sha256:173d3f662dc88de734bd622e46a3bbac6fd00e957b3e098fa8b75b141aa4354e"},
    {file = "xxhash-2.0.2-pp27-pypy_73-macosx_10_9_x86_64.whl", hash = "sha256:e94fdff9b102ca7c0969230d209f7ce17020db17a89d026ac45d8ffb9e4929ec"},
    {file = "xxhash-2.0.2-pp27-pypy_73-manylinux1_x86_64.whl", hash = "sha256:d7175cd7f490aae742d18eb9b519e74180958f88fa8ff47091727b3efb57bfbf"},
    {file = "xxhash-2.0.2-pp27-pypy_73-manylinux2010_x86_64.whl", hash = "sha256:d707d2a053a5d55ccd2e59d7a228636cafeebb44c9ac3ca1c088f4d384c8c3a9"},
    {file = "xxhash-2.0.2-pp27-pypy_73-win32.whl", hash = "sha256:dad190caa293abbb39d96b4a09f121fc971d81eb19c96e4e0db89a99a7d59b93"},
    {file = "xxhash-2.0.2-pp36-pypy36_pp73-macosx_10_9_x86_64.whl", hash = "sha256:5dc3da5fa855dd8e35f24d20fabfcd29c0b3ac85a14dc2c329c029971ae4eeb7"},
    {file = "xxhash-2.0.2-pp36-pypy36_pp73-manylinux1_x86_64.whl", hash = "sha256:17a3b0a2ff20879ed5c9d9c178349e9c6257db11b193e4103282d7a78ef9cb08"},
    {file = "xxhash-2.0.2-pp36-pypy36_pp73-manylinux2010_x86_64.whl", hash = "sha256:c75f8375c80c3815f49a744ef1a8303577757eb9a2dc53bed33d9318b760fec6"},
    {file = "xxhash-2.0.2-pp36-pypy36_pp73-win32.whl", hash = "sha256:eb2670ed6c435189aeb479bfff990e00b849ae0ff49945632db74b2a2a08d192"},
    {file = "xxhash-2.0.2-pp37-pypy37_pp73-macosx_10_9_x86_64.whl", hash = "sha256:ff518ec1bd7cc33218f8f3325848c56e9c73c5df30138a64a89dd65ab1e1ffb5"},
    {file = "xxhash-2.0.2-pp37-pypy37_pp73-manylinux1_x86_64.whl", hash = "sha256:c4a0806ffb33c9d892b5565fa010c252c7e0f4d01ded901a637dfede624e4d0c"},
    {file = "xxhash-2.0.2-pp37-pypy37_pp73-manylinux2010_x86_64.whl", hash = "sha256:fdfac2014301da79cebcd8f9535c875f63242fe404d741cec5f70f400cc6a561"},
    {file = "xxhash-2.0.2-pp37-pypy37_pp73-win32.whl", hash = "sha256:357f6a52bd18a80635cf4c83f648c42fa0609713b4183929ed019f7627af4b68"},
    {file = "xxhash-2.0.2.tar.gz", hash = "sha256:b7bead8cf6210eadf9cecf356e17af794f57c0939a3d420a00d87ea652f87b49"},
]
